{
  "name": "@literacyplanet/lambda_configure_sns_subscriptions",
  "version": "2.0.0",
  "dependencies": {
    "async": {
      "version": "1.5.0",
      "from": "async@>=1.5.0 <2.0.0",
      "resolved": "http://registry.npmjs.org/async/-/async-1.5.0.tgz"
    },
    "aws-sdk": {
      "version": "2.2.22",
      "from": "aws-sdk@>=2.2.20 <3.0.0",
      "resolved": "http://registry.npmjs.org/aws-sdk/-/aws-sdk-2.2.22.tgz",
      "dependencies": {
        "sax": {
          "version": "0.5.3",
          "from": "sax@0.5.3",
          "resolved": "http://registry.npmjs.org/sax/-/sax-0.5.3.tgz"
        },
        "xml2js": {
          "version": "0.2.8",
          "from": "xml2js@0.2.8",
          "resolved": "http://registry.npmjs.org/xml2js/-/xml2js-0.2.8.tgz"
        },
        "xmlbuilder": {
          "version": "0.4.2",
          "from": "xmlbuilder@0.4.2",
          "resolved": "http://registry.npmjs.org/xmlbuilder/-/xmlbuilder-0.4.2.tgz"
        }
      }
    },
    "lodash": {
      "version": "3.10.1",
      "from": "lodash@>=3.10.1 <4.0.0",
      "resolved": "http://registry.npmjs.org/lodash/-/lodash-3.10.1.tgz"
    }
  }
}
